
Microsoft Visual Studio Solution File, Format Version 12.00
# Visual Studio Version 17
VisualStudioVersion = 17.11.35222.181
MinimumVisualStudioVersion = 10.0.40219.1
Project("{FAE04EC0-301F-11D3-BF4B-00C04F79EFBC}") = "Examinationsuppgift1", "Examinationsuppgift1\Examinationsuppgift1.csproj", "{20E513DD-F173-4A72-A1C3-7E48808BA70F}"
EndProject
Global
	GlobalSection(SolutionConfigurationPlatforms) = preSolution
		Debug|Any CPU = Debug|Any CPU
		Release|Any CPU = Release|Any CPU
	EndGlobalSection
	GlobalSection(ProjectConfigurationPlatforms) = postSolution
		{20E513DD-F173-4A72-A1C3-7E48808BA70F}.Debug|Any CPU.ActiveCfg = Debug|Any CPU
		{20E513DD-F173-4A72-A1C3-7E48808BA70F}.Debug|Any CPU.Build.0 = Debug|Any CPU
		{20E513DD-F173-4A72-A1C3-7E48808BA70F}.Release|Any CPU.ActiveCfg = Release|Any CPU
		{20E513DD-F173-4A72-A1C3-7E48808BA70F}.Release|Any CPU.Build.0 = Release|Any CPU
	EndGlobalSection
	GlobalSection(SolutionProperties) = preSolution
		HideSolutionNode = FALSE
	EndGlobalSection
	GlobalSection(ExtensibilityGlobals) = postSolution
		SolutionGuid = {63695232-AF94-445B-98AB-F0DA7C5B56FB}
	EndGlobalSection
EndGlobal
